// !$*UTF8*$!
{
	archiveVersion = 1;
	classes = {
	};
	objectVersion = 50;
	objects = {

/* Begin PBXBuildFile section */
		F912C828216FC96B00531D80 /* Program.swift in Sources */ = {isa = PBXBuildFile; fileRef = F912C827216FC96B00531D80 /* Program.swift */; };
		F922269C2162FD3600318BB7 /* PenUp.swift in Sources */ = {isa = PBXBuildFile; fileRef = F922269B2162FD3600318BB7 /* PenUp.swift */; };
		F922269E2162FD7C00318BB7 /* PenDown.swift in Sources */ = {isa = PBXBuildFile; fileRef = F922269D2162FD7C00318BB7 /* PenDown.swift */; };
		F92226A02162FDA800318BB7 /* Move.swift in Sources */ = {isa = PBXBuildFile; fileRef = F922269F2162FDA800318BB7 /* Move.swift */; };
		F92226A22162FDC400318BB7 /* Turn.swift in Sources */ = {isa = PBXBuildFile; fileRef = F92226A12162FDC400318BB7 /* Turn.swift */; };
		F92226A42162FE1E00318BB7 /* Repeat.swift in Sources */ = {isa = PBXBuildFile; fileRef = F92226A32162FE1E00318BB7 /* Repeat.swift */; };
		F92226A62162FE4500318BB7 /* Assignment.swift in Sources */ = {isa = PBXBuildFile; fileRef = F92226A52162FE4500318BB7 /* Assignment.swift */; };
		F92226A82162FE8500318BB7 /* Turtle.swift in Sources */ = {isa = PBXBuildFile; fileRef = F92226A72162FE8500318BB7 /* Turtle.swift */; };
		F92226AC2163042800318BB7 /* Context.swift in Sources */ = {isa = PBXBuildFile; fileRef = F92226AB2163042800318BB7 /* Context.swift */; };
		F92226AE21634A3A00318BB7 /* FileParser.swift in Sources */ = {isa = PBXBuildFile; fileRef = F92226AD21634A3A00318BB7 /* FileParser.swift */; };
		F92226B0216354B000318BB7 /* Expression.swift in Sources */ = {isa = PBXBuildFile; fileRef = F92226AF216354B000318BB7 /* Expression.swift */; };
		F97CB8DD2172AC4E00D1471B /* Visitor.swift in Sources */ = {isa = PBXBuildFile; fileRef = F97CB8DC2172AC4E00D1471B /* Visitor.swift */; };
		F97CB8DF2172AE1C00D1471B /* CaretakerVisitor.swift in Sources */ = {isa = PBXBuildFile; fileRef = F97CB8DE2172AE1C00D1471B /* CaretakerVisitor.swift */; };
		F97CB8E12172AE7300D1471B /* DistanceVisitor.swift in Sources */ = {isa = PBXBuildFile; fileRef = F97CB8E02172AE7300D1471B /* DistanceVisitor.swift */; };
		F97CB8E32172B11200D1471B /* Memento.swift in Sources */ = {isa = PBXBuildFile; fileRef = F97CB8E22172B11200D1471B /* Memento.swift */; };
		F97CB8E52172C6B100D1471B /* test2.txt in Resources */ = {isa = PBXBuildFile; fileRef = F97CB8E42172C6B100D1471B /* test2.txt */; };
		F97CB8E72172CCBE00D1471B /* test3.txt in Resources */ = {isa = PBXBuildFile; fileRef = F97CB8E62172CCBE00D1471B /* test3.txt */; };
		F97CB8EB217357FC00D1471B /* Variable.swift in Sources */ = {isa = PBXBuildFile; fileRef = F97CB8EA217357FC00D1471B /* Variable.swift */; };
		F9AB2E212162F98F008C016F /* AppDelegate.swift in Sources */ = {isa = PBXBuildFile; fileRef = F9AB2E202162F98F008C016F /* AppDelegate.swift */; };
		F9AB2E252162F990008C016F /* Assets.xcassets in Resources */ = {isa = PBXBuildFile; fileRef = F9AB2E242162F990008C016F /* Assets.xcassets */; };
		F9AB2E282162F990008C016F /* Main.storyboard in Resources */ = {isa = PBXBuildFile; fileRef = F9AB2E262162F990008C016F /* Main.storyboard */; };
		F9AB2E342162F990008C016F /* Assignment3Tests.swift in Sources */ = {isa = PBXBuildFile; fileRef = F9AB2E332162F990008C016F /* Assignment3Tests.swift */; };
		F9AE167F2165A29E00778BD9 /* Point.swift in Sources */ = {isa = PBXBuildFile; fileRef = F9AE167E2165A29E00778BD9 /* Point.swift */; };
		F9D653B6217138E200B028E6 /* test1.txt in Resources */ = {isa = PBXBuildFile; fileRef = F9D653B5217138E200B028E6 /* test1.txt */; };
		F9D653B82171574000B028E6 /* Statement.swift in Sources */ = {isa = PBXBuildFile; fileRef = F9D653B72171574000B028E6 /* Statement.swift */; };
/* End PBXBuildFile section */

/* Begin PBXContainerItemProxy section */
		F9AB2E302162F990008C016F /* PBXContainerItemProxy */ = {
			isa = PBXContainerItemProxy;
			containerPortal = F9AB2E152162F98F008C016F /* Project object */;
			proxyType = 1;
			remoteGlobalIDString = F9AB2E1C2162F98F008C016F;
			remoteInfo = Assignment3;
		};
/* End PBXContainerItemProxy section */

/* Begin PBXFileReference section */
		F912C827216FC96B00531D80 /* Program.swift */ = {isa = PBXFileReference; lastKnownFileType = sourcecode.swift; path = Program.swift; sourceTree = "<group>"; };
		F922269B2162FD3600318BB7 /* PenUp.swift */ = {isa = PBXFileReference; lastKnownFileType = sourcecode.swift; path = PenUp.swift; sourceTree = "<group>"; };
		F922269D2162FD7C00318BB7 /* PenDown.swift */ = {isa = PBXFileReference; lastKnownFileType = sourcecode.swift; path = PenDown.swift; sourceTree = "<group>"; };
		F922269F2162FDA800318BB7 /* Move.swift */ = {isa = PBXFileReference; lastKnownFileType = sourcecode.swift; path = Move.swift; sourceTree = "<group>"; };
		F92226A12162FDC400318BB7 /* Turn.swift */ = {isa = PBXFileReference; lastKnownFileType = sourcecode.swift; path = Turn.swift; sourceTree = "<group>"; };
		F92226A32162FE1E00318BB7 /* Repeat.swift */ = {isa = PBXFileReference; lastKnownFileType = sourcecode.swift; path = Repeat.swift; sourceTree = "<group>"; };
		F92226A52162FE4500318BB7 /* Assignment.swift */ = {isa = PBXFileReference; lastKnownFileType = sourcecode.swift; path = Assignment.swift; sourceTree = "<group>"; };
		F92226A72162FE8500318BB7 /* Turtle.swift */ = {isa = PBXFileReference; lastKnownFileType = sourcecode.swift; path = Turtle.swift; sourceTree = "<group>"; };
		F92226AB2163042800318BB7 /* Context.swift */ = {isa = PBXFileReference; lastKnownFileType = sourcecode.swift; path = Context.swift; sourceTree = "<group>"; };
		F92226AD21634A3A00318BB7 /* FileParser.swift */ = {isa = PBXFileReference; lastKnownFileType = sourcecode.swift; path = FileParser.swift; sourceTree = "<group>"; };
		F92226AF216354B000318BB7 /* Expression.swift */ = {isa = PBXFileReference; lastKnownFileType = sourcecode.swift; path = Expression.swift; sourceTree = "<group>"; };
		F97CB8DC2172AC4E00D1471B /* Visitor.swift */ = {isa = PBXFileReference; lastKnownFileType = sourcecode.swift; path = Visitor.swift; sourceTree = "<group>"; };
		F97CB8DE2172AE1C00D1471B /* CaretakerVisitor.swift */ = {isa = PBXFileReference; lastKnownFileType = sourcecode.swift; path = CaretakerVisitor.swift; sourceTree = "<group>"; };
		F97CB8E02172AE7300D1471B /* DistanceVisitor.swift */ = {isa = PBXFileReference; lastKnownFileType = sourcecode.swift; path = DistanceVisitor.swift; sourceTree = "<group>"; };
		F97CB8E22172B11200D1471B /* Memento.swift */ = {isa = PBXFileReference; lastKnownFileType = sourcecode.swift; path = Memento.swift; sourceTree = "<group>"; };
		F97CB8E42172C6B100D1471B /* test2.txt */ = {isa = PBXFileReference; lastKnownFileType = text; path = test2.txt; sourceTree = "<group>"; };
		F97CB8E62172CCBE00D1471B /* test3.txt */ = {isa = PBXFileReference; lastKnownFileType = text; path = test3.txt; sourceTree = "<group>"; };
		F97CB8EA217357FC00D1471B /* Variable.swift */ = {isa = PBXFileReference; lastKnownFileType = sourcecode.swift; path = Variable.swift; sourceTree = "<group>"; };
		F9AB2E1D2162F98F008C016F /* Assignment3.app */ = {isa = PBXFileReference; explicitFileType = wrapper.application; includeInIndex = 0; path = Assignment3.app; sourceTree = BUILT_PRODUCTS_DIR; };
		F9AB2E202162F98F008C016F /* AppDelegate.swift */ = {isa = PBXFileReference; lastKnownFileType = sourcecode.swift; path = AppDelegate.swift; sourceTree = "<group>"; };
		F9AB2E242162F990008C016F /* Assets.xcassets */ = {isa = PBXFileReference; lastKnownFileType = folder.assetcatalog; path = Assets.xcassets; sourceTree = "<group>"; };
		F9AB2E272162F990008C016F /* Base */ = {isa = PBXFileReference; lastKnownFileType = file.storyboard; name = Base; path = Base.lproj/Main.storyboard; sourceTree = "<group>"; };
		F9AB2E292162F990008C016F /* Info.plist */ = {isa = PBXFileReference; lastKnownFileType = text.plist.xml; path = Info.plist; sourceTree = "<group>"; };
		F9AB2E2A2162F990008C016F /* Assignment3.entitlements */ = {isa = PBXFileReference; lastKnownFileType = text.plist.entitlements; path = Assignment3.entitlements; sourceTree = "<group>"; };
		F9AB2E2F2162F990008C016F /* Assignment3Tests.xctest */ = {isa = PBXFileReference; explicitFileType = wrapper.cfbundle; includeInIndex = 0; path = Assignment3Tests.xctest; sourceTree = BUILT_PRODUCTS_DIR; };
		F9AB2E332162F990008C016F /* Assignment3Tests.swift */ = {isa = PBXFileReference; lastKnownFileType = sourcecode.swift; path = Assignment3Tests.swift; sourceTree = "<group>"; };
		F9AB2E352162F990008C016F /* Info.plist */ = {isa = PBXFileReference; lastKnownFileType = text.plist.xml; path = Info.plist; sourceTree = "<group>"; };
		F9AE167E2165A29E00778BD9 /* Point.swift */ = {isa = PBXFileReference; lastKnownFileType = sourcecode.swift; path = Point.swift; sourceTree = "<group>"; };
		F9D653B5217138E200B028E6 /* test1.txt */ = {isa = PBXFileReference; lastKnownFileType = text; path = test1.txt; sourceTree = "<group>"; };
		F9D653B72171574000B028E6 /* Statement.swift */ = {isa = PBXFileReference; lastKnownFileType = sourcecode.swift; path = Statement.swift; sourceTree = "<group>"; };
/* End PBXFileReference section */

/* Begin PBXFrameworksBuildPhase section */
		F9AB2E1A2162F98F008C016F /* Frameworks */ = {
			isa = PBXFrameworksBuildPhase;
			buildActionMask = 2147483647;
			files = (
			);
			runOnlyForDeploymentPostprocessing = 0;
		};
		F9AB2E2C2162F990008C016F /* Frameworks */ = {
			isa = PBXFrameworksBuildPhase;
			buildActionMask = 2147483647;
			files = (
			);
			runOnlyForDeploymentPostprocessing = 0;
		};
/* End PBXFrameworksBuildPhase section */

/* Begin PBXGroup section */
		F922269A2162FD1500318BB7 /* Language */ = {
			isa = PBXGroup;
			children = (
				F922269B2162FD3600318BB7 /* PenUp.swift */,
				F922269D2162FD7C00318BB7 /* PenDown.swift */,
				F922269F2162FDA800318BB7 /* Move.swift */,
				F92226A12162FDC400318BB7 /* Turn.swift */,
				F92226A32162FE1E00318BB7 /* Repeat.swift */,
				F92226A52162FE4500318BB7 /* Assignment.swift */,
				F9D653B72171574000B028E6 /* Statement.swift */,
				F92226AF216354B000318BB7 /* Expression.swift */,
				F97CB8EA217357FC00D1471B /* Variable.swift */,
			);
			path = Language;
			sourceTree = "<group>";
		};
		F97CB8D92172A7C800D1471B /* Text Files */ = {
			isa = PBXGroup;
			children = (
				F9D653B5217138E200B028E6 /* test1.txt */,
				F97CB8E42172C6B100D1471B /* test2.txt */,
				F97CB8E62172CCBE00D1471B /* test3.txt */,
			);
			path = "Text Files";
			sourceTree = "<group>";
		};
		F97CB8DB2172AC4000D1471B /* Visitors */ = {
			isa = PBXGroup;
			children = (
				F97CB8E22172B11200D1471B /* Memento.swift */,
				F97CB8DC2172AC4E00D1471B /* Visitor.swift */,
				F97CB8DE2172AE1C00D1471B /* CaretakerVisitor.swift */,
				F97CB8E02172AE7300D1471B /* DistanceVisitor.swift */,
			);
			path = Visitors;
			sourceTree = "<group>";
		};
		F9AB2E142162F98F008C016F = {
			isa = PBXGroup;
			children = (
				F9AB2E1F2162F98F008C016F /* Assignment3 */,
				F9AB2E322162F990008C016F /* Assignment3Tests */,
				F9AB2E1E2162F98F008C016F /* Products */,
			);
			sourceTree = "<group>";
		};
		F9AB2E1E2162F98F008C016F /* Products */ = {
			isa = PBXGroup;
			children = (
				F9AB2E1D2162F98F008C016F /* Assignment3.app */,
				F9AB2E2F2162F990008C016F /* Assignment3Tests.xctest */,
			);
			name = Products;
			sourceTree = "<group>";
		};
		F9AB2E1F2162F98F008C016F /* Assignment3 */ = {
			isa = PBXGroup;
			children = (
				F97CB8DB2172AC4000D1471B /* Visitors */,
				F97CB8D92172A7C800D1471B /* Text Files */,
				F922269A2162FD1500318BB7 /* Language */,
				F9AE167E2165A29E00778BD9 /* Point.swift */,
				F92226A72162FE8500318BB7 /* Turtle.swift */,
				F912C827216FC96B00531D80 /* Program.swift */,
				F92226AB2163042800318BB7 /* Context.swift */,
				F92226AD21634A3A00318BB7 /* FileParser.swift */,
				F9AB2E202162F98F008C016F /* AppDelegate.swift */,
				F9AB2E242162F990008C016F /* Assets.xcassets */,
				F9AB2E262162F990008C016F /* Main.storyboard */,
				F9AB2E292162F990008C016F /* Info.plist */,
				F9AB2E2A2162F990008C016F /* Assignment3.entitlements */,
			);
			path = Assignment3;
			sourceTree = "<group>";
		};
		F9AB2E322162F990008C016F /* Assignment3Tests */ = {
			isa = PBXGroup;
			children = (
				F9AB2E332162F990008C016F /* Assignment3Tests.swift */,
				F9AB2E352162F990008C016F /* Info.plist */,
			);
			path = Assignment3Tests;
			sourceTree = "<group>";
		};
/* End PBXGroup section */

/* Begin PBXNativeTarget section */
		F9AB2E1C2162F98F008C016F /* Assignment3 */ = {
			isa = PBXNativeTarget;
			buildConfigurationList = F9AB2E382162F990008C016F /* Build configuration list for PBXNativeTarget "Assignment3" */;
			buildPhases = (
				F9AB2E192162F98F008C016F /* Sources */,
				F9AB2E1A2162F98F008C016F /* Frameworks */,
				F9AB2E1B2162F98F008C016F /* Resources */,
				F9AE167B21659E1C00778BD9 /* ShellScript */,
			);
			buildRules = (
			);
			dependencies = (
			);
			name = Assignment3;
			productName = Assignment3;
			productReference = F9AB2E1D2162F98F008C016F /* Assignment3.app */;
			productType = "com.apple.product-type.application";
		};
		F9AB2E2E2162F990008C016F /* Assignment3Tests */ = {
			isa = PBXNativeTarget;
			buildConfigurationList = F9AB2E3B2162F990008C016F /* Build configuration list for PBXNativeTarget "Assignment3Tests" */;
			buildPhases = (
				F9AB2E2B2162F990008C016F /* Sources */,
				F9AB2E2C2162F990008C016F /* Frameworks */,
				F9AB2E2D2162F990008C016F /* Resources */,
			);
			buildRules = (
			);
			dependencies = (
				F9AB2E312162F990008C016F /* PBXTargetDependency */,
			);
			name = Assignment3Tests;
			productName = Assignment3Tests;
			productReference = F9AB2E2F2162F990008C016F /* Assignment3Tests.xctest */;
			productType = "com.apple.product-type.bundle.unit-test";
		};
/* End PBXNativeTarget section */

/* Begin PBXProject section */
		F9AB2E152162F98F008C016F /* Project object */ = {
			isa = PBXProject;
			attributes = {
				LastSwiftUpdateCheck = 1000;
				LastUpgradeCheck = 1000;
				ORGANIZATIONNAME = "Mark Rassamni";
				TargetAttributes = {
					F9AB2E1C2162F98F008C016F = {
						CreatedOnToolsVersion = 10.0;
					};
					F9AB2E2E2162F990008C016F = {
						CreatedOnToolsVersion = 10.0;
						TestTargetID = F9AB2E1C2162F98F008C016F;
					};
				};
			};
			buildConfigurationList = F9AB2E182162F98F008C016F /* Build configuration list for PBXProject "Assignment3" */;
			compatibilityVersion = "Xcode 9.3";
			developmentRegion = en;
			hasScannedForEncodings = 0;
			knownRegions = (
				en,
				Base,
			);
			mainGroup = F9AB2E142162F98F008C016F;
			productRefGroup = F9AB2E1E2162F98F008C016F /* Products */;
			projectDirPath = "";
			projectRoot = "";
			targets = (
				F9AB2E1C2162F98F008C016F /* Assignment3 */,
				F9AB2E2E2162F990008C016F /* Assignment3Tests */,
			);
		};
/* End PBXProject section */

/* Begin PBXResourcesBuildPhase section */
		F9AB2E1B2162F98F008C016F /* Resources */ = {
			isa = PBXResourcesBuildPhase;
			buildActionMask = 2147483647;
			files = (
				F9AB2E252162F990008C016F /* Assets.xcassets in Resources */,
				F97CB8E72172CCBE00D1471B /* test3.txt in Resources */,
				F97CB8E52172C6B100D1471B /* test2.txt in Resources */,
				F9AB2E282162F990008C016F /* Main.storyboard in Resources */,
				F9D653B6217138E200B028E6 /* test1.txt in Resources */,
			);
			runOnlyForDeploymentPostprocessing = 0;
		};
		F9AB2E2D2162F990008C016F /* Resources */ = {
			isa = PBXResourcesBuildPhase;
			buildActionMask = 2147483647;
			files = (
			);
			runOnlyForDeploymentPostprocessing = 0;
		};
/* End PBXResourcesBuildPhase section */

/* Begin PBXShellScriptBuildPhase section */
		F9AE167B21659E1C00778BD9 /* ShellScript */ = {
			isa = PBXShellScriptBuildPhase;
			buildActionMask = 2147483647;
			files = (
			);
			inputFileListPaths = (
			);
			inputPaths = (
			);
			outputFileListPaths = (
			);
			outputPaths = (
			);
			runOnlyForDeploymentPostprocessing = 0;
			shellPath = /bin/sh;
			shellScript = "# Type a script or drag a script file from your workspace to insert its path.\nTAGS=\"TODO:|FIXME:\"\nERRORTAG=\"ERROR:\"\nfind \"${SRCROOT}\" \\( -name \"*.h\" -or -name \"*.m\" -or -name \"*.swift\" \\) -print0 | xargs -0 egrep --with-filename --line-number --only-matching \"($TAGS).*\\$|($ERRORTAG).*\\$\" | perl -p -e \"s/($TAGS)/ warning: \\$1/\" | perl -p -e \"s/($ERRORTAG)/ error: \\$1/\"\n";
		};
/* End PBXShellScriptBuildPhase section */

/* Begin PBXSourcesBuildPhase section */
		F9AB2E192162F98F008C016F /* Sources */ = {
			isa = PBXSourcesBuildPhase;
			buildActionMask = 2147483647;
			files = (
				F912C828216FC96B00531D80 /* Program.swift in Sources */,
				F92226B0216354B000318BB7 /* Expression.swift in Sources */,
				F92226AE21634A3A00318BB7 /* FileParser.swift in Sources */,
				F97CB8DF2172AE1C00D1471B /* CaretakerVisitor.swift in Sources */,
				F92226A42162FE1E00318BB7 /* Repeat.swift in Sources */,
				F92226A82162FE8500318BB7 /* Turtle.swift in Sources */,
				F92226A62162FE4500318BB7 /* Assignment.swift in Sources */,
				F922269C2162FD3600318BB7 /* PenUp.swift in Sources */,
				F922269E2162FD7C00318BB7 /* PenDown.swift in Sources */,
				F9D653B82171574000B028E6 /* Statement.swift in Sources */,
				F97CB8EB217357FC00D1471B /* Variable.swift in Sources */,
				F92226A02162FDA800318BB7 /* Move.swift in Sources */,
				F9AE167F2165A29E00778BD9 /* Point.swift in Sources */,
				F92226AC2163042800318BB7 /* Context.swift in Sources */,
				F9AB2E212162F98F008C016F /* AppDelegate.swift in Sources */,
				F97CB8E12172AE7300D1471B /* DistanceVisitor.swift in Sources */,
				F97CB8E32172B11200D1471B /* Memento.swift in Sources */,
				F97CB8DD2172AC4E00D1471B /* Visitor.swift in Sources */,
				F92226A22162FDC400318BB7 /* Turn.swift in Sources */,
			);
			runOnlyForDeploymentPostprocessing = 0;
		};
		F9AB2E2B2162F990008C016F /* Sources */ = {
			isa = PBXSourcesBuildPhase;
			buildActionMask = 2147483647;
			files = (
				F9AB2E342162F990008C016F /* Assignment3Tests.swift in Sources */,
			);
			runOnlyForDeploymentPostprocessing = 0;
		};
/* End PBXSourcesBuildPhase section */

/* Begin PBXTargetDependency section */
		F9AB2E312162F990008C016F /* PBXTargetDependency */ = {
			isa = PBXTargetDependency;
			target = F9AB2E1C2162F98F008C016F /* Assignment3 */;
			targetProxy = F9AB2E302162F990008C016F /* PBXContainerItemProxy */;
		};
/* End PBXTargetDependency section */

/* Begin PBXVariantGroup section */
		F9AB2E262162F990008C016F /* Main.storyboard */ = {
			isa = PBXVariantGroup;
			children = (
				F9AB2E272162F990008C016F /* Base */,
			);
			name = Main.storyboard;
			sourceTree = "<group>";
		};
/* End PBXVariantGroup section */

/* Begin XCBuildConfiguration section */
		F9AB2E362162F990008C016F /* Debug */ = {
			isa = XCBuildConfiguration;
			buildSettings = {
				ALWAYS_SEARCH_USER_PATHS = NO;
				CLANG_ANALYZER_NONNULL = YES;
				CLANG_ANALYZER_NUMBER_OBJECT_CONVERSION = YES_AGGRESSIVE;
				CLANG_CXX_LANGUAGE_STANDARD = "gnu++14";
				CLANG_CXX_LIBRARY = "libc++";
				CLANG_ENABLE_MODULES = YES;
				CLANG_ENABLE_OBJC_ARC = YES;
				CLANG_ENABLE_OBJC_WEAK = YES;
				CLANG_WARN_BLOCK_CAPTURE_AUTORELEASING = YES;
				CLANG_WARN_BOOL_CONVERSION = YES;
				CLANG_WARN_COMMA = YES;
				CLANG_WARN_CONSTANT_CONVERSION = YES;
				CLANG_WARN_DEPRECATED_OBJC_IMPLEMENTATIONS = YES;
				CLANG_WARN_DIRECT_OBJC_ISA_USAGE = YES_ERROR;
				CLANG_WARN_DOCUMENTATION_COMMENTS = YES;
				CLANG_WARN_EMPTY_BODY = YES;
				CLANG_WARN_ENUM_CONVERSION = YES;
				CLANG_WARN_INFINITE_RECURSION = YES;
				CLANG_WARN_INT_CONVERSION = YES;
				CLANG_WARN_NON_LITERAL_NULL_CONVERSION = YES;
				CLANG_WARN_OBJC_IMPLICIT_RETAIN_SELF = YES;
				CLANG_WARN_OBJC_LITERAL_CONVERSION = YES;
				CLANG_WARN_OBJC_ROOT_CLASS = YES_ERROR;
				CLANG_WARN_RANGE_LOOP_ANALYSIS = YES;
				CLANG_WARN_STRICT_PROTOTYPES = YES;
				CLANG_WARN_SUSPICIOUS_MOVE = YES;
				CLANG_WARN_UNGUARDED_AVAILABILITY = YES_AGGRESSIVE;
				CLANG_WARN_UNREACHABLE_CODE = YES;
				CLANG_WARN__DUPLICATE_METHOD_MATCH = YES;
				CODE_SIGN_IDENTITY = "Mac Developer";
				COPY_PHASE_STRIP = NO;
				DEBUG_INFORMATION_FORMAT = dwarf;
				ENABLE_STRICT_OBJC_MSGSEND = YES;
				ENABLE_TESTABILITY = YES;
				GCC_C_LANGUAGE_STANDARD = gnu11;
				GCC_DYNAMIC_NO_PIC = NO;
				GCC_NO_COMMON_BLOCKS = YES;
				GCC_OPTIMIZATION_LEVEL = 0;
				GCC_PREPROCESSOR_DEFINITIONS = (
					"DEBUG=1",
					"$(inherited)",
				);
				GCC_WARN_64_TO_32_BIT_CONVERSION = YES;
				GCC_WARN_ABOUT_RETURN_TYPE = YES_ERROR;
				GCC_WARN_UNDECLARED_SELECTOR = YES;
				GCC_WARN_UNINITIALIZED_AUTOS = YES_AGGRESSIVE;
				GCC_WARN_UNUSED_FUNCTION = YES;
				GCC_WARN_UNUSED_VARIABLE = YES;
				MACOSX_DEPLOYMENT_TARGET = 10.14;
				MTL_ENABLE_DEBUG_INFO = INCLUDE_SOURCE;
				MTL_FAST_MATH = YES;
				ONLY_ACTIVE_ARCH = YES;
				SDKROOT = macosx;
				SWIFT_ACTIVE_COMPILATION_CONDITIONS = DEBUG;
				SWIFT_OPTIMIZATION_LEVEL = "-Onone";
			};
			name = Debug;
		};
		F9AB2E372162F990008C016F /* Release */ = {
			isa = XCBuildConfiguration;
			buildSettings = {
				ALWAYS_SEARCH_USER_PATHS = NO;
				CLANG_ANALYZER_NONNULL = YES;
				CLANG_ANALYZER_NUMBER_OBJECT_CONVERSION = YES_AGGRESSIVE;
				CLANG_CXX_LANGUAGE_STANDARD = "gnu++14";
				CLANG_CXX_LIBRARY = "libc++";
				CLANG_ENABLE_MODULES = YES;
				CLANG_ENABLE_OBJC_ARC = YES;
				CLANG_ENABLE_OBJC_WEAK = YES;
				CLANG_WARN_BLOCK_CAPTURE_AUTORELEASING = YES;
				CLANG_WARN_BOOL_CONVERSION = YES;
				CLANG_WARN_COMMA = YES;
				CLANG_WARN_CONSTANT_CONVERSION = YES;
				CLANG_WARN_DEPRECATED_OBJC_IMPLEMENTATIONS = YES;
				CLANG_WARN_DIRECT_OBJC_ISA_USAGE = YES_ERROR;
				CLANG_WARN_DOCUMENTATION_COMMENTS = YES;
				CLANG_WARN_EMPTY_BODY = YES;
				CLANG_WARN_ENUM_CONVERSION = YES;
				CLANG_WARN_INFINITE_RECURSION = YES;
				CLANG_WARN_INT_CONVERSION = YES;
				CLANG_WARN_NON_LITERAL_NULL_CONVERSION = YES;
				CLANG_WARN_OBJC_IMPLICIT_RETAIN_SELF = YES;
				CLANG_WARN_OBJC_LITERAL_CONVERSION = YES;
				CLANG_WARN_OBJC_ROOT_CLASS = YES_ERROR;
				CLANG_WARN_RANGE_LOOP_ANALYSIS = YES;
				CLANG_WARN_STRICT_PROTOTYPES = YES;
				CLANG_WARN_SUSPICIOUS_MOVE = YES;
				CLANG_WARN_UNGUARDED_AVAILABILITY = YES_AGGRESSIVE;
				CLANG_WARN_UNREACHABLE_CODE = YES;
				CLANG_WARN__DUPLICATE_METHOD_MATCH = YES;
				CODE_SIGN_IDENTITY = "Mac Developer";
				COPY_PHASE_STRIP = NO;
				DEBUG_INFORMATION_FORMAT = "dwarf-with-dsym";
				ENABLE_NS_ASSERTIONS = NO;
				ENABLE_STRICT_OBJC_MSGSEND = YES;
				GCC_C_LANGUAGE_STANDARD = gnu11;
				GCC_NO_COMMON_BLOCKS = YES;
				GCC_WARN_64_TO_32_BIT_CONVERSION = YES;
				GCC_WARN_ABOUT_RETURN_TYPE = YES_ERROR;
				GCC_WARN_UNDECLARED_SELECTOR = YES;
				GCC_WARN_UNINITIALIZED_AUTOS = YES_AGGRESSIVE;
				GCC_WARN_UNUSED_FUNCTION = YES;
				GCC_WARN_UNUSED_VARIABLE = YES;
				MACOSX_DEPLOYMENT_TARGET = 10.14;
				MTL_ENABLE_DEBUG_INFO = NO;
				MTL_FAST_MATH = YES;
				SDKROOT = macosx;
				SWIFT_COMPILATION_MODE = wholemodule;
				SWIFT_OPTIMIZATION_LEVEL = "-O";
			};
			name = Release;
		};
		F9AB2E392162F990008C016F /* Debug */ = {
			isa = XCBuildConfiguration;
			buildSettings = {
				ASSETCATALOG_COMPILER_APPICON_NAME = AppIcon;
				CODE_SIGN_ENTITLEMENTS = Assignment3/Assignment3.entitlements;
				CODE_SIGN_STYLE = Automatic;
				COMBINE_HIDPI_IMAGES = YES;
				DEVELOPMENT_TEAM = VBN5K8MF76;
				INFOPLIST_FILE = Assignment3/Info.plist;
				LD_RUNPATH_SEARCH_PATHS = (
					"$(inherited)",
					"@executable_path/../Frameworks",
				);
				PRODUCT_BUNDLE_IDENTIFIER = com.markrassamni.Assignment3;
				PRODUCT_NAME = "$(TARGET_NAME)";
				SWIFT_VERSION = 4.2;
			};
			name = Debug;
		};
		F9AB2E3A2162F990008C016F /* Release */ = {
			isa = XCBuildConfiguration;
			buildSettings = {
				ASSETCATALOG_COMPILER_APPICON_NAME = AppIcon;
				CODE_SIGN_ENTITLEMENTS = Assignment3/Assignment3.entitlements;
				CODE_SIGN_STYLE = Automatic;
				COMBINE_HIDPI_IMAGES = YES;
				DEVELOPMENT_TEAM = VBN5K8MF76;
				INFOPLIST_FILE = Assignment3/Info.plist;
				LD_RUNPATH_SEARCH_PATHS = (
					"$(inherited)",
					"@executable_path/../Frameworks",
				);
				PRODUCT_BUNDLE_IDENTIFIER = com.markrassamni.Assignment3;
				PRODUCT_NAME = "$(TARGET_NAME)";
				SWIFT_VERSION = 4.2;
			};
			name = Release;
		};
		F9AB2E3C2162F990008C016F /* Debug */ = {
			isa = XCBuildConfiguration;
			buildSettings = {
				ALWAYS_EMBED_SWIFT_STANDARD_LIBRARIES = YES;
				BUNDLE_LOADER = "$(TEST_HOST)";
				CODE_SIGN_STYLE = Automatic;
				COMBINE_HIDPI_IMAGES = YES;
				DEVELOPMENT_TEAM = VBN5K8MF76;
				INFOPLIST_FILE = Assignment3Tests/Info.plist;
				LD_RUNPATH_SEARCH_PATHS = (
					"$(inherited)",
					"@executable_path/../Frameworks",
					"@loader_path/../Frameworks",
				);
				PRODUCT_BUNDLE_IDENTIFIER = com.markrassamni.Assignment3Tests;
				PRODUCT_NAME = "$(TARGET_NAME)";
				SWIFT_VERSION = 4.2;
				TEST_HOST = "$(BUILT_PRODUCTS_DIR)/Assignment3.app/Contents/MacOS/Assignment3";
			};
			name = Debug;
		};
		F9AB2E3D2162F990008C016F /* Release */ = {
			isa = XCBuildConfiguration;
			buildSettings = {
				ALWAYS_EMBED_SWIFT_STANDARD_LIBRARIES = YES;
				BUNDLE_LOADER = "$(TEST_HOST)";
				CODE_SIGN_STYLE = Automatic;
				COMBINE_HIDPI_IMAGES = YES;
				DEVELOPMENT_TEAM = VBN5K8MF76;
				INFOPLIST_FILE = Assignment3Tests/Info.plist;
				LD_RUNPATH_SEARCH_PATHS = (
					"$(inherited)",
					"@executable_path/../Frameworks",
					"@loader_path/../Frameworks",
				);
				PRODUCT_BUNDLE_IDENTIFIER = com.markrassamni.Assignment3Tests;
				PRODUCT_NAME = "$(TARGET_NAME)";
				SWIFT_VERSION = 4.2;
				TEST_HOST = "$(BUILT_PRODUCTS_DIR)/Assignment3.app/Contents/MacOS/Assignment3";
			};
			name = Release;
		};
/* End XCBuildConfiguration section */

/* Begin XCConfigurationList section */
		F9AB2E182162F98F008C016F /* Build configuration list for PBXProject "Assignment3" */ = {
			isa = XCConfigurationList;
			buildConfigurations = (
				F9AB2E362162F990008C016F /* Debug */,
				F9AB2E372162F990008C016F /* Release */,
			);
			defaultConfigurationIsVisible = 0;
			defaultConfigurationName = Release;
		};
		F9AB2E382162F990008C016F /* Build configuration list for PBXNativeTarget "Assignment3" */ = {
			isa = XCConfigurationList;
			buildConfigurations = (
				F9AB2E392162F990008C016F /* Debug */,
				F9AB2E3A2162F990008C016F /* Release */,
			);
			defaultConfigurationIsVisible = 0;
			defaultConfigurationName = Release;
		};
		F9AB2E3B2162F990008C016F /* Build configuration list for PBXNativeTarget "Assignment3Tests" */ = {
			isa = XCConfigurationList;
			buildConfigurations = (
				F9AB2E3C2162F990008C016F /* Debug */,
				F9AB2E3D2162F990008C016F /* Release */,
			);
			defaultConfigurationIsVisible = 0;
			defaultConfigurationName = Release;
		};
/* End XCConfigurationList section */
	};
	rootObject = F9AB2E152162F98F008C016F /* Project object */;
}
